// !$*UTF8*$!
{
	archiveVersion = 1;
	classes = {
	};
	objectVersion = 46;
	objects = {

/* Begin PBXBuildFile section */
		A91AE7111C5F3BF800B7471C /* AppDelegate.m in Sources */ = {isa = PBXBuildFile; fileRef = A91AE7101C5F3BF800B7471C /* AppDelegate.m */; };
		A91AE7141C5F3BF800B7471C /* main.m in Sources */ = {isa = PBXBuildFile; fileRef = A91AE7131C5F3BF800B7471C /* main.m */; };
		A91AE7161C5F3BF800B7471C /* Assets.xcassets in Resources */ = {isa = PBXBuildFile; fileRef = A91AE7151C5F3BF800B7471C /* Assets.xcassets */; };
		A91AE7191C5F3BF800B7471C /* MainMenu.xib in Resources */ = {isa = PBXBuildFile; fileRef = A91AE7171C5F3BF800B7471C /* MainMenu.xib */; };
/* End PBXBuildFile section */

/* Begin PBXFileReference section */
		A91AE70C1C5F3BF800B7471C /* NowPlaying.app */ = {isa = PBXFileReference; explicitFileType = wrapper.application; includeInIndex = 0; path = NowPlaying.app; sourceTree = BUILT_PRODUCTS_DIR; };
		A91AE70F1C5F3BF800B7471C /* AppDelegate.h */ = {isa = PBXFileReference; lastKnownFileType = sourcecode.c.h; path = AppDelegate.h; sourceTree = "<group>"; };
		A91AE7101C5F3BF800B7471C /* AppDelegate.m */ = {isa = PBXFileReference; lastKnownFileType = sourcecode.c.objc; path = AppDelegate.m; sourceTree = "<group>"; };
		A91AE7131C5F3BF800B7471C /* main.m */ = {isa = PBXFileReference; lastKnownFileType = sourcecode.c.objc; path = main.m; sourceTree = "<group>"; };
		A91AE7151C5F3BF800B7471C /* Assets.xcassets */ = {isa = PBXFileReference; lastKnownFileType = folder.assetcatalog; path = Assets.xcassets; sourceTree = "<group>"; };
		A91AE7181C5F3BF800B7471C /* Base */ = {isa = PBXFileReference; lastKnownFileType = file.xib; name = Base; path = Base.lproj/MainMenu.xib; sourceTree = "<group>"; };
		A91AE71A1C5F3BF800B7471C /* Info.plist */ = {isa = PBXFileReference; lastKnownFileType = text.plist.xml; path = Info.plist; sourceTree = "<group>"; };
/* End PBXFileReference section */

/* Begin PBXFrameworksBuildPhase section */
		A91AE7091C5F3BF800B7471C /* Frameworks */ = {
			isa = PBXFrameworksBuildPhase;
			buildActionMask = 2147483647;
			files = (
			);
			runOnlyForDeploymentPostprocessing = 0;
		};
/* End PBXFrameworksBuildPhase section */

/* Begin PBXGroup section */
		A91AE7031C5F3BF800B7471C = {
			isa = PBXGroup;
			children = (
				A91AE70E1C5F3BF800B7471C /* NowPlaying */,
				A91AE70D1C5F3BF800B7471C /* Products */,
			);
			sourceTree = "<group>";
		};
		A91AE70D1C5F3BF800B7471C /* Products */ = {
			isa = PBXGroup;
			children = (
				A91AE70C1C5F3BF800B7471C /* NowPlaying.app */,
			);
			name = Products;
			sourceTree = "<group>";
		};
		A91AE70E1C5F3BF800B7471C /* NowPlaying */ = {
			isa = PBXGroup;
			children = (
				A91AE70F1C5F3BF800B7471C /* AppDelegate.h */,
				A91AE7101C5F3BF800B7471C /* AppDelegate.m */,
				A91AE7151C5F3BF800B7471C /* Assets.xcassets */,
				A91AE7171C5F3BF800B7471C /* MainMenu.xib */,
				A91AE71A1C5F3BF800B7471C /* Info.plist */,
				A91AE7121C5F3BF800B7471C /* Supporting Files */,
			);
			path = NowPlaying;
			sourceTree = "<group>";
		};
		A91AE7121C5F3BF800B7471C /* Supporting Files */ = {
			isa = PBXGroup;
			children = (
				A91AE7131C5F3BF800B7471C /* main.m */,
			);
			name = "Supporting Files";
			sourceTree = "<group>";
		};
/* End PBXGroup section */

/* Begin PBXNativeTarget section */
		A91AE70B1C5F3BF800B7471C /* NowPlaying */ = {
			isa = PBXNativeTarget;
			buildConfigurationList = A91AE71D1C5F3BF800B7471C /* Build configuration list for PBXNativeTarget "NowPlaying" */;
			buildPhases = (
				A91AE7081C5F3BF800B7471C /* Sources */,
				A91AE7091C5F3BF800B7471C /* Frameworks */,
				A91AE70A1C5F3BF800B7471C /* Resources */,
			);
			buildRules = (
			);
			dependencies = (
			);
			name = NowPlaying;
			productName = NowPlaying;
			productReference = A91AE70C1C5F3BF800B7471C /* NowPlaying.app */;
			productType = "com.apple.product-type.application";
		};
/* End PBXNativeTarget section */

/* Begin PBXProject section */
		A91AE7041C5F3BF800B7471C /* Project object */ = {
			isa = PBXProject;
			attributes = {
				LastUpgradeCheck = 0720;
				ORGANIZATIONNAME = "Seungho Kim";
				TargetAttributes = {
					A91AE70B1C5F3BF800B7471C = {
						CreatedOnToolsVersion = 7.2;
					};
				};
			};
			buildConfigurationList = A91AE7071C5F3BF800B7471C /* Build configuration list for PBXProject "NowPlaying" */;
			compatibilityVersion = "Xcode 3.2";
			developmentRegion = English;
			hasScannedForEncodings = 0;
			knownRegions = (
				en,
				Base,
			);
			mainGroup = A91AE7031C5F3BF800B7471C;
			productRefGroup = A91AE70D1C5F3BF800B7471C /* Products */;
			projectDirPath = "";
			projectRoot = "";
			targets = (
				A91AE70B1C5F3BF800B7471C /* NowPlaying */,
			);
		};
/* End PBXProject section */

/* Begin PBXResourcesBuildPhase section */
		A91AE70A1C5F3BF800B7471C /* Resources */ = {
			isa = PBXResourcesBuildPhase;
			buildActionMask = 2147483647;
			files = (
				A91AE7161C5F3BF800B7471C /* Assets.xcassets in Resources */,
				A91AE7191C5F3BF800B7471C /* MainMenu.xib in Resources */,
			);
			runOnlyForDeploymentPostprocessing = 0;
		};
/* End PBXResourcesBuildPhase section */

/* Begin PBXSourcesBuildPhase section */
		A91AE7081C5F3BF800B7471C /* Sources */ = {
			isa = PBXSourcesBuildPhase;
			buildActionMask = 2147483647;
			files = (
				A91AE7141C5F3BF800B7471C /* main.m in Sources */,
				A91AE7111C5F3BF800B7471C /* AppDelegate.m in Sources */,
			);
			runOnlyForDeploymentPostprocessing = 0;
		};
/* End PBXSourcesBuildPhase section */

/* Begin PBXVariantGroup section */
		A91AE7171C5F3BF800B7471C /* MainMenu.xib */ = {
			isa = PBXVariantGroup;
			children = (
				A91AE7181C5F3BF800B7471C /* Base */,
			);
			name = MainMenu.xib;
			sourceTree = "<group>";
		};
/* End PBXVariantGroup section */

/* Begin XCBuildConfiguration section */
		A91AE71B1C5F3BF800B7471C /* Debug */ = {
			isa = XCBuildConfiguration;
			buildSettings = {
				ALWAYS_SEARCH_USER_PATHS = NO;
				CLANG_CXX_LANGUAGE_STANDARD = "gnu++0x";
				CLANG_CXX_LIBRARY = "libc++";
				CLANG_ENABLE_MODULES = YES;
				CLANG_ENABLE_OBJC_ARC = YES;
				CLANG_WARN_BOOL_CONVERSION = YES;
				CLANG_WARN_CONSTANT_CONVERSION = YES;
				CLANG_WARN_DIRECT_OBJC_ISA_USAGE = YES_ERROR;
				CLANG_WARN_EMPTY_BODY = YES;
				CLANG_WARN_ENUM_CONVERSION = YES;
				CLANG_WARN_INT_CONVERSION = YES;
				CLANG_WARN_OBJC_ROOT_CLASS = YES_ERROR;
				CLANG_WARN_UNREACHABLE_CODE = YES;
				CLANG_WARN__DUPLICATE_METHOD_MATCH = YES;
				CODE_SIGN_IDENTITY = "-";
				COPY_PHASE_STRIP = NO;
				DEBUG_INFORMATION_FORMAT = dwarf;
				ENABLE_STRICT_OBJC_MSGSEND = YES;
				ENABLE_TESTABILITY = YES;
				GCC_C_LANGUAGE_STANDARD = gnu99;
				GCC_DYNAMIC_NO_PIC = NO;
				GCC_NO_COMMON_BLOCKS = YES;
				GCC_OPTIMIZATION_LEVEL = 0;
				GCC_PREPROCESSOR_DEFINITIONS = (
					"DEBUG=1",
					"$(inherited)",
				);
				GCC_WARN_64_TO_32_BIT_CONVERSION = YES;
				GCC_WARN_ABOUT_RETURN_TYPE = YES_ERROR;
				GCC_WARN_UNDECLARED_SELECTOR = YES;
				GCC_WARN_UNINITIALIZED_AUTOS = YES_AGGRESSIVE;
				GCC_WARN_UNUSED_FUNCTION = YES;
				GCC_WARN_UNUSED_VARIABLE = YES;
				MACOSX_DEPLOYMENT_TARGET = 10.11;
				MTL_ENABLE_DEBUG_INFO = YES;
				ONLY_ACTIVE_ARCH = YES;
				SDKROOT = macosx;
			};
			name = Debug;
		};
		A91AE71C1C5F3BF800B7471C /* Release */ = {
			isa = XCBuildConfiguration;
			buildSettings = {
				ALWAYS_SEARCH_USER_PATHS = NO;
				CLANG_CXX_LANGUAGE_STANDARD = "gnu++0x";
				CLANG_CXX_LIBRARY = "libc++";
				CLANG_ENABLE_MODULES = YES;
				CLANG_ENABLE_OBJC_ARC = YES;
				CLANG_WARN_BOOL_CONVERSION = YES;
				CLANG_WARN_CONSTANT_CONVERSION = YES;
				CLANG_WARN_DIRECT_OBJC_ISA_USAGE = YES_ERROR;
				CLANG_WARN_EMPTY_BODY = YES;
				CLANG_WARN_ENUM_CONVERSION = YES;
				CLANG_WARN_INT_CONVERSION = YES;
				CLANG_WARN_OBJC_ROOT_CLASS = YES_ERROR;
				CLANG_WARN_UNREACHABLE_CODE = YES;
				CLANG_WARN__DUPLICATE_METHOD_MATCH = YES;
				CODE_SIGN_IDENTITY = "-";
				COPY_PHASE_STRIP = NO;
				DEBUG_INFORMATION_FORMAT = "dwarf-with-dsym";
				ENABLE_NS_ASSERTIONS = NO;
				ENABLE_STRICT_OBJC_MSGSEND = YES;
				GCC_C_LANGUAGE_STANDARD = gnu99;
				GCC_NO_COMMON_BLOCKS = YES;
				GCC_WARN_64_TO_32_BIT_CONVERSION = YES;
				GCC_WARN_ABOUT_RETURN_TYPE = YES_ERROR;
				GCC_WARN_UNDECLARED_SELECTOR = YES;
				GCC_WARN_UNINITIALIZED_AUTOS = YES_AGGRESSIVE;
				GCC_WARN_UNUSED_FUNCTION = YES;
				GCC_WARN_UNUSED_VARIABLE = YES;
				MACOSX_DEPLOYMENT_TARGET = 10.11;
				MTL_ENABLE_DEBUG_INFO = NO;
				SDKROOT = macosx;
			};
			name = Release;
		};
		A91AE71E1C5F3BF800B7471C /* Debug */ = {
			isa = XCBuildConfiguration;
			buildSettings = {
				ASSETCATALOG_COMPILER_APPICON_NAME = AppIcon;
				COMBINE_HIDPI_IMAGES = YES;
				INFOPLIST_FILE = NowPlaying/Info.plist;
				LD_RUNPATH_SEARCH_PATHS = "$(inherited) @executable_path/../Frameworks";
				PRODUCT_BUNDLE_IDENTIFIER = com.niceb5y.NowPlaying;
				PRODUCT_NAME = "$(TARGET_NAME)";
			};
			name = Debug;
		};
		A91AE71F1C5F3BF800B7471C /* Release */ = {
			isa = XCBuildConfiguration;
			buildSettings = {
				ASSETCATALOG_COMPILER_APPICON_NAME = AppIcon;
				COMBINE_HIDPI_IMAGES = YES;
				INFOPLIST_FILE = NowPlaying/Info.plist;
				LD_RUNPATH_SEARCH_PATHS = "$(inherited) @executable_path/../Frameworks";
				PRODUCT_BUNDLE_IDENTIFIER = com.niceb5y.NowPlaying;
				PRODUCT_NAME = "$(TARGET_NAME)";
			};
			name = Release;
		};
/* End XCBuildConfiguration section */

/* Begin XCConfigurationList section */
		A91AE7071C5F3BF800B7471C /* Build configuration list for PBXProject "NowPlaying" */ = {
			isa = XCConfigurationList;
			buildConfigurations = (
				A91AE71B1C5F3BF800B7471C /* Debug */,
				A91AE71C1C5F3BF800B7471C /* Release */,
			);
			defaultConfigurationIsVisible = 0;
			defaultConfigurationName = Release;
		};
		A91AE71D1C5F3BF800B7471C /* Build configuration list for PBXNativeTarget "NowPlaying" */ = {
			isa = XCConfigurationList;
			buildConfigurations = (
				A91AE71E1C5F3BF800B7471C /* Debug */,
				A91AE71F1C5F3BF800B7471C /* Release */,
			);
			defaultConfigurationIsVisible = 0;
		};
/* End XCConfigurationList section */
	};
	rootObject = A91AE7041C5F3BF800B7471C /* Project object */;
}
